
Microsoft Visual Studio Solution File, Format Version 12.00
# Visual Studio 15
VisualStudioVersion = 15.0.27703.2026
MinimumVisualStudioVersion = 10.0.40219.1
Project("{FAE04EC0-301F-11D3-BF4B-00C04F79EFBC}") = "WpfApp", "WpfApp\WpfApp.csproj", "{98E761B7-E54F-4755-8D37-B994DF2BC62C}"
EndProject
Global
	GlobalSection(SolutionConfigurationPlatforms) = preSolution
		Debug|Any CPU = Debug|Any CPU
		Release|Any CPU = Release|Any CPU
	EndGlobalSection
	GlobalSection(ProjectConfigurationPlatforms) = postSolution
		{98E761B7-E54F-4755-8D37-B994DF2BC62C}.Debug|Any CPU.ActiveCfg = Debug|Any CPU
		{98E761B7-E54F-4755-8D37-B994DF2BC62C}.Debug|Any CPU.Build.0 = Debug|Any CPU
		{98E761B7-E54F-4755-8D37-B994DF2BC62C}.Release|Any CPU.ActiveCfg = Release|Any CPU
		{98E761B7-E54F-4755-8D37-B994DF2BC62C}.Release|Any CPU.Build.0 = Release|Any CPU
	EndGlobalSection
	GlobalSection(SolutionProperties) = preSolution
		HideSolutionNode = FALSE
	EndGlobalSection
	GlobalSection(ExtensibilityGlobals) = postSolution
		SolutionGuid = {C4FD0F36-A7A4-4DCB-98A0-E17A7E745964}
	EndGlobalSection
EndGlobal
