
Microsoft Visual Studio Solution File, Format Version 12.00
# Visual Studio 15
VisualStudioVersion = 15.0.27004.2008
MinimumVisualStudioVersion = 10.0.40219.1
Project("{FAE04EC0-301F-11D3-BF4B-00C04F79EFBC}") = "WpfApp", "WpfApp\WpfApp.csproj", "{B5B5783A-8F82-4FF9-A74E-66A606617DE0}"
EndProject
Global
	GlobalSection(SolutionConfigurationPlatforms) = preSolution
		Debug|Any CPU = Debug|Any CPU
		Release|Any CPU = Release|Any CPU
	EndGlobalSection
	GlobalSection(ProjectConfigurationPlatforms) = postSolution
		{B5B5783A-8F82-4FF9-A74E-66A606617DE0}.Debug|Any CPU.ActiveCfg = Debug|Any CPU
		{B5B5783A-8F82-4FF9-A74E-66A606617DE0}.Debug|Any CPU.Build.0 = Debug|Any CPU
		{B5B5783A-8F82-4FF9-A74E-66A606617DE0}.Release|Any CPU.ActiveCfg = Release|Any CPU
		{B5B5783A-8F82-4FF9-A74E-66A606617DE0}.Release|Any CPU.Build.0 = Release|Any CPU
	EndGlobalSection
	GlobalSection(SolutionProperties) = preSolution
		HideSolutionNode = FALSE
	EndGlobalSection
	GlobalSection(ExtensibilityGlobals) = postSolution
		SolutionGuid = {CB121E4A-42D2-4F4B-A8B2-FDBFF2CECB2B}
	EndGlobalSection
EndGlobal
